
Microsoft Visual Studio Solution File, Format Version 12.00
# Visual Studio Version 17
VisualStudioVersion = 17.13.35931.197 d17.13
MinimumVisualStudioVersion = 10.0.40219.1
Project("{FAE04EC0-301F-11D3-BF4B-00C04F79EFBC}") = "FileHubOrg.Web", "FileHubOrg.Web\FileHubOrg.Web.csproj", "{1346FF4F-2A0E-4BE2-959F-A37F86F2D143}"
EndProject
Project("{FAE04EC0-301F-11D3-BF4B-00C04F79EFBC}") = "FileHubOrg.Domain", "FileHubOrg.domain\FileHubOrg.Domain.csproj", "{5BDC2A08-C8D3-47FB-8C37-052DB5819E70}"
EndProject
Project("{FAE04EC0-301F-11D3-BF4B-00C04F79EFBC}") = "FileHubOrg.Infrastructure", "FileHubOrg.Infrastructure\FileHubOrg.Infrastructure.csproj", "{73975E0B-1089-459D-854F-C284A4701E00}"
EndProject
Project("{FAE04EC0-301F-11D3-BF4B-00C04F79EFBC}") = "FileHubOrg.Application", "FileHubOrg.Application\FileHubOrg.Application.csproj", "{14860F02-6F32-4ADB-9B7C-0007F3B1443A}"
EndProject
Global
	GlobalSection(SolutionConfigurationPlatforms) = preSolution
		Debug|Any CPU = Debug|Any CPU
		Release|Any CPU = Release|Any CPU
	EndGlobalSection
	GlobalSection(ProjectConfigurationPlatforms) = postSolution
		{1346FF4F-2A0E-4BE2-959F-A37F86F2D143}.Debug|Any CPU.ActiveCfg = Debug|Any CPU
		{1346FF4F-2A0E-4BE2-959F-A37F86F2D143}.Debug|Any CPU.Build.0 = Debug|Any CPU
		{1346FF4F-2A0E-4BE2-959F-A37F86F2D143}.Release|Any CPU.ActiveCfg = Release|Any CPU
		{1346FF4F-2A0E-4BE2-959F-A37F86F2D143}.Release|Any CPU.Build.0 = Release|Any CPU
		{5BDC2A08-C8D3-47FB-8C37-052DB5819E70}.Debug|Any CPU.ActiveCfg = Debug|Any CPU
		{5BDC2A08-C8D3-47FB-8C37-052DB5819E70}.Debug|Any CPU.Build.0 = Debug|Any CPU
		{5BDC2A08-C8D3-47FB-8C37-052DB5819E70}.Release|Any CPU.ActiveCfg = Release|Any CPU
		{5BDC2A08-C8D3-47FB-8C37-052DB5819E70}.Release|Any CPU.Build.0 = Release|Any CPU
		{73975E0B-1089-459D-854F-C284A4701E00}.Debug|Any CPU.ActiveCfg = Debug|Any CPU
		{73975E0B-1089-459D-854F-C284A4701E00}.Debug|Any CPU.Build.0 = Debug|Any CPU
		{73975E0B-1089-459D-854F-C284A4701E00}.Release|Any CPU.ActiveCfg = Release|Any CPU
		{73975E0B-1089-459D-854F-C284A4701E00}.Release|Any CPU.Build.0 = Release|Any CPU
		{14860F02-6F32-4ADB-9B7C-0007F3B1443A}.Debug|Any CPU.ActiveCfg = Debug|Any CPU
		{14860F02-6F32-4ADB-9B7C-0007F3B1443A}.Debug|Any CPU.Build.0 = Debug|Any CPU
		{14860F02-6F32-4ADB-9B7C-0007F3B1443A}.Release|Any CPU.ActiveCfg = Release|Any CPU
		{14860F02-6F32-4ADB-9B7C-0007F3B1443A}.Release|Any CPU.Build.0 = Release|Any CPU
	EndGlobalSection
	GlobalSection(SolutionProperties) = preSolution
		HideSolutionNode = FALSE
	EndGlobalSection
	GlobalSection(ExtensibilityGlobals) = postSolution
		SolutionGuid = {2A88B5D7-F2C4-42B4-94A8-3B6D8AB021FC}
	EndGlobalSection
EndGlobal
